
Microsoft Visual Studio Solution File, Format Version 12.00
# Visual Studio Version 17
VisualStudioVersion = 17.11.35312.102
MinimumVisualStudioVersion = 10.0.40219.1
Project("{8BC9CEB8-8B4A-11D0-8D11-00A0C91BC942}") = "210-lab-23", "210-lab-23.vcxproj", "{313348FD-99EC-4BE2-9D33-1C9BFE574F12}"
EndProject
Global
	GlobalSection(SolutionConfigurationPlatforms) = preSolution
		Debug|x64 = Debug|x64
		Debug|x86 = Debug|x86
		Release|x64 = Release|x64
		Release|x86 = Release|x86
	EndGlobalSection
	GlobalSection(ProjectConfigurationPlatforms) = postSolution
		{313348FD-99EC-4BE2-9D33-1C9BFE574F12}.Debug|x64.ActiveCfg = Debug|x64
		{313348FD-99EC-4BE2-9D33-1C9BFE574F12}.Debug|x64.Build.0 = Debug|x64
		{313348FD-99EC-4BE2-9D33-1C9BFE574F12}.Debug|x86.ActiveCfg = Debug|Win32
		{313348FD-99EC-4BE2-9D33-1C9BFE574F12}.Debug|x86.Build.0 = Debug|Win32
		{313348FD-99EC-4BE2-9D33-1C9BFE574F12}.Release|x64.ActiveCfg = Release|x64
		{313348FD-99EC-4BE2-9D33-1C9BFE574F12}.Release|x64.Build.0 = Release|x64
		{313348FD-99EC-4BE2-9D33-1C9BFE574F12}.Release|x86.ActiveCfg = Release|Win32
		{313348FD-99EC-4BE2-9D33-1C9BFE574F12}.Release|x86.Build.0 = Release|Win32
	EndGlobalSection
	GlobalSection(SolutionProperties) = preSolution
		HideSolutionNode = FALSE
	EndGlobalSection
	GlobalSection(ExtensibilityGlobals) = postSolution
		SolutionGuid = {97CFE2FE-8ACC-49A6-A9F1-2BCBB65234F3}
	EndGlobalSection
EndGlobal
